
Microsoft Visual Studio Solution File, Format Version 12.00
# Visual Studio Version 17
VisualStudioVersion = 17.1.32228.430
MinimumVisualStudioVersion = 10.0.40219.1
Project("{9A19103F-16F7-4668-BE54-9A1E7A4F7556}") = "Moneyhub.Auth", "Moneyhub.Auth\Moneyhub.Auth.csproj", "{5E96D9E8-2EDC-44C6-B655-2ED2AE743338}"
EndProject
Global
	GlobalSection(SolutionConfigurationPlatforms) = preSolution
		Debug|Any CPU = Debug|Any CPU
		Release|Any CPU = Release|Any CPU
	EndGlobalSection
	GlobalSection(ProjectConfigurationPlatforms) = postSolution
		{5E96D9E8-2EDC-44C6-B655-2ED2AE743338}.Debug|Any CPU.ActiveCfg = Debug|Any CPU
		{5E96D9E8-2EDC-44C6-B655-2ED2AE743338}.Debug|Any CPU.Build.0 = Debug|Any CPU
		{5E96D9E8-2EDC-44C6-B655-2ED2AE743338}.Release|Any CPU.ActiveCfg = Release|Any CPU
		{5E96D9E8-2EDC-44C6-B655-2ED2AE743338}.Release|Any CPU.Build.0 = Release|Any CPU
	EndGlobalSection
	GlobalSection(SolutionProperties) = preSolution
		HideSolutionNode = FALSE
	EndGlobalSection
	GlobalSection(ExtensibilityGlobals) = postSolution
		SolutionGuid = {5F6FE017-BF37-4B0A-93CD-9608E7DEB6C0}
	EndGlobalSection
EndGlobal
